
Microsoft Visual Studio Solution File, Format Version 12.00
# Visual Studio Version 16
VisualStudioVersion = 16.0.30621.155
MinimumVisualStudioVersion = 10.0.40219.1
Project("{FAE04EC0-301F-11D3-BF4B-00C04F79EFBC}") = "BinaryHieroglyph", "BinaryHieroglyph\BinaryHieroglyph.csproj", "{A99B3314-CC79-4A2D-B004-9462492669D2}"
EndProject
Global
	GlobalSection(SolutionConfigurationPlatforms) = preSolution
		Debug|Any CPU = Debug|Any CPU
		Release|Any CPU = Release|Any CPU
	EndGlobalSection
	GlobalSection(ProjectConfigurationPlatforms) = postSolution
		{A99B3314-CC79-4A2D-B004-9462492669D2}.Debug|Any CPU.ActiveCfg = Debug|Any CPU
		{A99B3314-CC79-4A2D-B004-9462492669D2}.Debug|Any CPU.Build.0 = Debug|Any CPU
		{A99B3314-CC79-4A2D-B004-9462492669D2}.Release|Any CPU.ActiveCfg = Release|Any CPU
		{A99B3314-CC79-4A2D-B004-9462492669D2}.Release|Any CPU.Build.0 = Release|Any CPU
	EndGlobalSection
	GlobalSection(SolutionProperties) = preSolution
		HideSolutionNode = FALSE
	EndGlobalSection
	GlobalSection(ExtensibilityGlobals) = postSolution
		SolutionGuid = {178DDCC5-5BCA-4EBE-AF52-B9C8957434AE}
	EndGlobalSection
EndGlobal
